
Microsoft Visual Studio Solution File, Format Version 12.00
# Visual Studio Version 16
VisualStudioVersion = 16.0.33214.272
MinimumVisualStudioVersion = 10.0.40219.1
Project("{FAE04EC0-301F-11D3-BF4B-00C04F79EFBC}") = "NutriGuide.Android", "NutriGuide\NutriGuide.Android\NutriGuide.Android.csproj", "{0D0C2BFA-3285-4926-9F8E-C14EFBD760E0}"
EndProject
Project("{FAE04EC0-301F-11D3-BF4B-00C04F79EFBC}") = "NutriGuide.iOS", "NutriGuide\NutriGuide.iOS\NutriGuide.iOS.csproj", "{3A8574ED-7D96-4CBE-9F6F-D407CFC6629C}"
EndProject
Project("{FAE04EC0-301F-11D3-BF4B-00C04F79EFBC}") = "NutriGuide", "NutriGuide\NutriGuide\NutriGuide.csproj", "{3B46B932-5A20-49E7-BEA9-AEF11E6A8E2F}"
EndProject
Global
	GlobalSection(SolutionConfigurationPlatforms) = preSolution
		Debug|Any CPU = Debug|Any CPU
		Debug|iPhone = Debug|iPhone
		Debug|iPhoneSimulator = Debug|iPhoneSimulator
		Release|Any CPU = Release|Any CPU
		Release|iPhone = Release|iPhone
		Release|iPhoneSimulator = Release|iPhoneSimulator
	EndGlobalSection
	GlobalSection(ProjectConfigurationPlatforms) = postSolution
		{0D0C2BFA-3285-4926-9F8E-C14EFBD760E0}.Debug|Any CPU.ActiveCfg = Debug|Any CPU
		{0D0C2BFA-3285-4926-9F8E-C14EFBD760E0}.Debug|Any CPU.Build.0 = Debug|Any CPU
		{0D0C2BFA-3285-4926-9F8E-C14EFBD760E0}.Debug|Any CPU.Deploy.0 = Debug|Any CPU
		{0D0C2BFA-3285-4926-9F8E-C14EFBD760E0}.Debug|iPhone.ActiveCfg = Debug|Any CPU
		{0D0C2BFA-3285-4926-9F8E-C14EFBD760E0}.Debug|iPhone.Build.0 = Debug|Any CPU
		{0D0C2BFA-3285-4926-9F8E-C14EFBD760E0}.Debug|iPhone.Deploy.0 = Debug|Any CPU
		{0D0C2BFA-3285-4926-9F8E-C14EFBD760E0}.Debug|iPhoneSimulator.ActiveCfg = Debug|Any CPU
		{0D0C2BFA-3285-4926-9F8E-C14EFBD760E0}.Debug|iPhoneSimulator.Build.0 = Debug|Any CPU
		{0D0C2BFA-3285-4926-9F8E-C14EFBD760E0}.Debug|iPhoneSimulator.Deploy.0 = Debug|Any CPU
		{0D0C2BFA-3285-4926-9F8E-C14EFBD760E0}.Release|Any CPU.ActiveCfg = Release|Any CPU
		{0D0C2BFA-3285-4926-9F8E-C14EFBD760E0}.Release|Any CPU.Build.0 = Release|Any CPU
		{0D0C2BFA-3285-4926-9F8E-C14EFBD760E0}.Release|Any CPU.Deploy.0 = Release|Any CPU
		{0D0C2BFA-3285-4926-9F8E-C14EFBD760E0}.Release|iPhone.ActiveCfg = Release|Any CPU
		{0D0C2BFA-3285-4926-9F8E-C14EFBD760E0}.Release|iPhone.Build.0 = Release|Any CPU
		{0D0C2BFA-3285-4926-9F8E-C14EFBD760E0}.Release|iPhone.Deploy.0 = Release|Any CPU
		{0D0C2BFA-3285-4926-9F8E-C14EFBD760E0}.Release|iPhoneSimulator.ActiveCfg = Release|Any CPU
		{0D0C2BFA-3285-4926-9F8E-C14EFBD760E0}.Release|iPhoneSimulator.Build.0 = Release|Any CPU
		{0D0C2BFA-3285-4926-9F8E-C14EFBD760E0}.Release|iPhoneSimulator.Deploy.0 = Release|Any CPU
		{3A8574ED-7D96-4CBE-9F6F-D407CFC6629C}.Debug|Any CPU.ActiveCfg = Debug|iPhone
		{3A8574ED-7D96-4CBE-9F6F-D407CFC6629C}.Debug|Any CPU.Build.0 = Debug|iPhone
		{3A8574ED-7D96-4CBE-9F6F-D407CFC6629C}.Debug|Any CPU.Deploy.0 = Debug|iPhone
		{3A8574ED-7D96-4CBE-9F6F-D407CFC6629C}.Debug|iPhone.ActiveCfg = Debug|iPhone
		{3A8574ED-7D96-4CBE-9F6F-D407CFC6629C}.Debug|iPhone.Build.0 = Debug|iPhone
		{3A8574ED-7D96-4CBE-9F6F-D407CFC6629C}.Debug|iPhone.Deploy.0 = Debug|iPhone
		{3A8574ED-7D96-4CBE-9F6F-D407CFC6629C}.Debug|iPhoneSimulator.ActiveCfg = Debug|iPhoneSimulator
		{3A8574ED-7D96-4CBE-9F6F-D407CFC6629C}.Debug|iPhoneSimulator.Build.0 = Debug|iPhoneSimulator
		{3A8574ED-7D96-4CBE-9F6F-D407CFC6629C}.Debug|iPhoneSimulator.Deploy.0 = Debug|iPhoneSimulator
		{3A8574ED-7D96-4CBE-9F6F-D407CFC6629C}.Release|Any CPU.ActiveCfg = Release|iPhoneSimulator
		{3A8574ED-7D96-4CBE-9F6F-D407CFC6629C}.Release|Any CPU.Build.0 = Release|iPhoneSimulator
		{3A8574ED-7D96-4CBE-9F6F-D407CFC6629C}.Release|Any CPU.Deploy.0 = Release|iPhoneSimulator
		{3A8574ED-7D96-4CBE-9F6F-D407CFC6629C}.Release|iPhone.ActiveCfg = Release|iPhone
		{3A8574ED-7D96-4CBE-9F6F-D407CFC6629C}.Release|iPhone.Build.0 = Release|iPhone
		{3A8574ED-7D96-4CBE-9F6F-D407CFC6629C}.Release|iPhone.Deploy.0 = Release|iPhone
		{3A8574ED-7D96-4CBE-9F6F-D407CFC6629C}.Release|iPhoneSimulator.ActiveCfg = Release|iPhoneSimulator
		{3A8574ED-7D96-4CBE-9F6F-D407CFC6629C}.Release|iPhoneSimulator.Build.0 = Release|iPhoneSimulator
		{3A8574ED-7D96-4CBE-9F6F-D407CFC6629C}.Release|iPhoneSimulator.Deploy.0 = Release|iPhoneSimulator
		{3B46B932-5A20-49E7-BEA9-AEF11E6A8E2F}.Debug|Any CPU.ActiveCfg = Debug|Any CPU
		{3B46B932-5A20-49E7-BEA9-AEF11E6A8E2F}.Debug|Any CPU.Build.0 = Debug|Any CPU
		{3B46B932-5A20-49E7-BEA9-AEF11E6A8E2F}.Debug|Any CPU.Deploy.0 = Debug|Any CPU
		{3B46B932-5A20-49E7-BEA9-AEF11E6A8E2F}.Debug|iPhone.ActiveCfg = Debug|Any CPU
		{3B46B932-5A20-49E7-BEA9-AEF11E6A8E2F}.Debug|iPhone.Build.0 = Debug|Any CPU
		{3B46B932-5A20-49E7-BEA9-AEF11E6A8E2F}.Debug|iPhone.Deploy.0 = Debug|Any CPU
		{3B46B932-5A20-49E7-BEA9-AEF11E6A8E2F}.Debug|iPhoneSimulator.ActiveCfg = Debug|Any CPU
		{3B46B932-5A20-49E7-BEA9-AEF11E6A8E2F}.Debug|iPhoneSimulator.Build.0 = Debug|Any CPU
		{3B46B932-5A20-49E7-BEA9-AEF11E6A8E2F}.Debug|iPhoneSimulator.Deploy.0 = Debug|Any CPU
		{3B46B932-5A20-49E7-BEA9-AEF11E6A8E2F}.Release|Any CPU.ActiveCfg = Release|Any CPU
		{3B46B932-5A20-49E7-BEA9-AEF11E6A8E2F}.Release|Any CPU.Build.0 = Release|Any CPU
		{3B46B932-5A20-49E7-BEA9-AEF11E6A8E2F}.Release|Any CPU.Deploy.0 = Release|Any CPU
		{3B46B932-5A20-49E7-BEA9-AEF11E6A8E2F}.Release|iPhone.ActiveCfg = Release|Any CPU
		{3B46B932-5A20-49E7-BEA9-AEF11E6A8E2F}.Release|iPhone.Build.0 = Release|Any CPU
		{3B46B932-5A20-49E7-BEA9-AEF11E6A8E2F}.Release|iPhone.Deploy.0 = Release|Any CPU
		{3B46B932-5A20-49E7-BEA9-AEF11E6A8E2F}.Release|iPhoneSimulator.ActiveCfg = Release|Any CPU
		{3B46B932-5A20-49E7-BEA9-AEF11E6A8E2F}.Release|iPhoneSimulator.Build.0 = Release|Any CPU
		{3B46B932-5A20-49E7-BEA9-AEF11E6A8E2F}.Release|iPhoneSimulator.Deploy.0 = Release|Any CPU
	EndGlobalSection
	GlobalSection(SolutionProperties) = preSolution
		HideSolutionNode = FALSE
	EndGlobalSection
	GlobalSection(ExtensibilityGlobals) = postSolution
		SolutionGuid = {755AAF4B-87DE-4F29-A710-012784B21F03}
	EndGlobalSection
EndGlobal
